{
  "requires": true,
  "lockfileVersion": 1,
  "dependencies": {
    "@mdi/js": {
      "version": "5.4.55",
      "resolved": "https://registry.npmjs.org/@mdi/js/-/js-5.4.55.tgz",
      "integrity": "sha512-9kWM1mGB8KiiKgGjPV1CRoF4aQifzAegvIR2zODm6VpuXDHDOVn7yOFH4D/K6imKVp9HE02N9uxHuxUKB0gjRg=="
    },
    "material-design-icons-iconfont": {
      "version": "5.0.1",
      "resolved": "https://registry.npmjs.org/material-design-icons-iconfont/-/material-design-icons-iconfont-5.0.1.tgz",
      "integrity": "sha512-Xg6rIdGrfySTqiTZ6d+nQbcFepS6R4uKbJP0oAqyeZXJY/bX6mZDnOmmUJusqLXfhIwirs0c++a6JpqVa8RFvA=="
    }
  }
}
